
Microsoft Visual Studio Solution File, Format Version 12.00
# Visual Studio Version 17
VisualStudioVersion = 17.1.32328.378
MinimumVisualStudioVersion = 10.0.40219.1
Project("{FAE04EC0-301F-11D3-BF4B-00C04F79EFBC}") = "YahooFinance", "YahooFinance\YahooFinance.csproj", "{8C197ED2-07EF-46B5-9891-106CE4514FBB}"
EndProject
Global
	GlobalSection(SolutionConfigurationPlatforms) = preSolution
		Debug|Any CPU = Debug|Any CPU
		Release|Any CPU = Release|Any CPU
	EndGlobalSection
	GlobalSection(ProjectConfigurationPlatforms) = postSolution
		{8C197ED2-07EF-46B5-9891-106CE4514FBB}.Debug|Any CPU.ActiveCfg = Debug|Any CPU
		{8C197ED2-07EF-46B5-9891-106CE4514FBB}.Debug|Any CPU.Build.0 = Debug|Any CPU
		{8C197ED2-07EF-46B5-9891-106CE4514FBB}.Release|Any CPU.ActiveCfg = Release|Any CPU
		{8C197ED2-07EF-46B5-9891-106CE4514FBB}.Release|Any CPU.Build.0 = Release|Any CPU
	EndGlobalSection
	GlobalSection(SolutionProperties) = preSolution
		HideSolutionNode = FALSE
	EndGlobalSection
	GlobalSection(ExtensibilityGlobals) = postSolution
		SolutionGuid = {B18D0B5A-FFE1-4AFF-BFBA-20F1016D17AC}
	EndGlobalSection
EndGlobal
